
Microsoft Visual Studio Solution File, Format Version 12.00
# Visual Studio Version 17
VisualStudioVersion = 17.3.32825.248
MinimumVisualStudioVersion = 10.0.40219.1
Project("{FAE04EC0-301F-11D3-BF4B-00C04F79EFBC}") = "Immo-App.Core", "Immo-App.Core\Immo-App.Core.csproj", "{327DD99F-1558-4C66-BF3C-A89407CB4C03}"
EndProject
Global
	GlobalSection(SolutionConfigurationPlatforms) = preSolution
		Debug|Any CPU = Debug|Any CPU
		Release|Any CPU = Release|Any CPU
	EndGlobalSection
	GlobalSection(ProjectConfigurationPlatforms) = postSolution
		{327DD99F-1558-4C66-BF3C-A89407CB4C03}.Debug|Any CPU.ActiveCfg = Debug|Any CPU
		{327DD99F-1558-4C66-BF3C-A89407CB4C03}.Debug|Any CPU.Build.0 = Debug|Any CPU
		{327DD99F-1558-4C66-BF3C-A89407CB4C03}.Release|Any CPU.ActiveCfg = Release|Any CPU
		{327DD99F-1558-4C66-BF3C-A89407CB4C03}.Release|Any CPU.Build.0 = Release|Any CPU
	EndGlobalSection
	GlobalSection(SolutionProperties) = preSolution
		HideSolutionNode = FALSE
	EndGlobalSection
	GlobalSection(ExtensibilityGlobals) = postSolution
		SolutionGuid = {D5E0EE8E-6640-48C9-9B3D-4A238B3953CE}
	EndGlobalSection
EndGlobal
